<Solution>
  <Folder Name="/src/">
    <Project Path="src/AccessibilityModManager.AuthorCli/AccessibilityModManager.AuthorCli.csproj" />
    <Project Path="src/AccessibilityModManager.App/AccessibilityModManager.App.csproj" />
    <Project Path="src/AccessibilityModManager.Authoring/AccessibilityModManager.Authoring.csproj" />
    <Project Path="src/AccessibilityModManager.Core/AccessibilityModManager.Core.csproj" />
    <Project Path="src/AccessibilityModManager.Infrastructure/AccessibilityModManager.Infrastructure.csproj" />
    <Project Path="src/AccessibilityModManager.LinuxApp/AccessibilityModManager.LinuxApp.csproj" />
  </Folder>
  <Folder Name="/tests/">
    <Project Path="tests/AccessibilityModManager.AuthorCli.Tests/AccessibilityModManager.AuthorCli.Tests.csproj" />
    <Project Path="tests/AccessibilityModManager.Tests/AccessibilityModManager.Tests.csproj" />
    <Project Path="tests/AccessibilityModManager.PortableTests/AccessibilityModManager.PortableTests.csproj" />
    <Project Path="tests/AccessibilityModManager.LinuxApp.Tests/AccessibilityModManager.LinuxApp.Tests.csproj" />
  </Folder>
</Solution>
